
Microsoft Visual Studio Solution File, Format Version 12.00
# Visual Studio Version 16
VisualStudioVersion = 16.0.30225.117
MinimumVisualStudioVersion = 10.0.40219.1
Project("{FAE04EC0-301F-11D3-BF4B-00C04F79EFBC}") = "ReadQR.Android", "ReadQR.Android\ReadQR.Android.csproj", "{EA441ED8-F948-4277-9BF6-25B79810ACF9}"
EndProject
Project("{FAE04EC0-301F-11D3-BF4B-00C04F79EFBC}") = "ReadQR.iOS", "ReadQR.iOS\ReadQR.iOS.csproj", "{5EDFD5C8-A8C7-4D1A-A87E-4AA43500A0D2}"
EndProject
Project("{FAE04EC0-301F-11D3-BF4B-00C04F79EFBC}") = "ReadQR", "ReadQR\ReadQR.csproj", "{796E23EB-A6F2-4B46-B6DA-225D7911E2F1}"
EndProject
Global
	GlobalSection(SolutionConfigurationPlatforms) = preSolution
		Debug|Any CPU = Debug|Any CPU
		Debug|iPhone = Debug|iPhone
		Debug|iPhoneSimulator = Debug|iPhoneSimulator
		Release|Any CPU = Release|Any CPU
		Release|iPhone = Release|iPhone
		Release|iPhoneSimulator = Release|iPhoneSimulator
	EndGlobalSection
	GlobalSection(ProjectConfigurationPlatforms) = postSolution
		{EA441ED8-F948-4277-9BF6-25B79810ACF9}.Debug|Any CPU.ActiveCfg = Debug|Any CPU
		{EA441ED8-F948-4277-9BF6-25B79810ACF9}.Debug|Any CPU.Build.0 = Debug|Any CPU
		{EA441ED8-F948-4277-9BF6-25B79810ACF9}.Debug|Any CPU.Deploy.0 = Debug|Any CPU
		{EA441ED8-F948-4277-9BF6-25B79810ACF9}.Debug|iPhone.ActiveCfg = Debug|Any CPU
		{EA441ED8-F948-4277-9BF6-25B79810ACF9}.Debug|iPhone.Build.0 = Debug|Any CPU
		{EA441ED8-F948-4277-9BF6-25B79810ACF9}.Debug|iPhone.Deploy.0 = Debug|Any CPU
		{EA441ED8-F948-4277-9BF6-25B79810ACF9}.Debug|iPhoneSimulator.ActiveCfg = Debug|Any CPU
		{EA441ED8-F948-4277-9BF6-25B79810ACF9}.Debug|iPhoneSimulator.Build.0 = Debug|Any CPU
		{EA441ED8-F948-4277-9BF6-25B79810ACF9}.Debug|iPhoneSimulator.Deploy.0 = Debug|Any CPU
		{EA441ED8-F948-4277-9BF6-25B79810ACF9}.Release|Any CPU.ActiveCfg = Release|Any CPU
		{EA441ED8-F948-4277-9BF6-25B79810ACF9}.Release|Any CPU.Build.0 = Release|Any CPU
		{EA441ED8-F948-4277-9BF6-25B79810ACF9}.Release|Any CPU.Deploy.0 = Release|Any CPU
		{EA441ED8-F948-4277-9BF6-25B79810ACF9}.Release|iPhone.ActiveCfg = Release|Any CPU
		{EA441ED8-F948-4277-9BF6-25B79810ACF9}.Release|iPhone.Build.0 = Release|Any CPU
		{EA441ED8-F948-4277-9BF6-25B79810ACF9}.Release|iPhone.Deploy.0 = Release|Any CPU
		{EA441ED8-F948-4277-9BF6-25B79810ACF9}.Release|iPhoneSimulator.ActiveCfg = Release|Any CPU
		{EA441ED8-F948-4277-9BF6-25B79810ACF9}.Release|iPhoneSimulator.Build.0 = Release|Any CPU
		{EA441ED8-F948-4277-9BF6-25B79810ACF9}.Release|iPhoneSimulator.Deploy.0 = Release|Any CPU
		{5EDFD5C8-A8C7-4D1A-A87E-4AA43500A0D2}.Debug|Any CPU.ActiveCfg = Debug|iPhone
		{5EDFD5C8-A8C7-4D1A-A87E-4AA43500A0D2}.Debug|Any CPU.Build.0 = Debug|iPhone
		{5EDFD5C8-A8C7-4D1A-A87E-4AA43500A0D2}.Debug|Any CPU.Deploy.0 = Debug|iPhone
		{5EDFD5C8-A8C7-4D1A-A87E-4AA43500A0D2}.Debug|iPhone.ActiveCfg = Debug|iPhone
		{5EDFD5C8-A8C7-4D1A-A87E-4AA43500A0D2}.Debug|iPhone.Build.0 = Debug|iPhone
		{5EDFD5C8-A8C7-4D1A-A87E-4AA43500A0D2}.Debug|iPhone.Deploy.0 = Debug|iPhone
		{5EDFD5C8-A8C7-4D1A-A87E-4AA43500A0D2}.Debug|iPhoneSimulator.ActiveCfg = Debug|iPhoneSimulator
		{5EDFD5C8-A8C7-4D1A-A87E-4AA43500A0D2}.Debug|iPhoneSimulator.Build.0 = Debug|iPhoneSimulator
		{5EDFD5C8-A8C7-4D1A-A87E-4AA43500A0D2}.Debug|iPhoneSimulator.Deploy.0 = Debug|iPhoneSimulator
		{5EDFD5C8-A8C7-4D1A-A87E-4AA43500A0D2}.Release|Any CPU.ActiveCfg = Release|iPhone
		{5EDFD5C8-A8C7-4D1A-A87E-4AA43500A0D2}.Release|Any CPU.Build.0 = Release|iPhone
		{5EDFD5C8-A8C7-4D1A-A87E-4AA43500A0D2}.Release|Any CPU.Deploy.0 = Release|iPhone
		{5EDFD5C8-A8C7-4D1A-A87E-4AA43500A0D2}.Release|iPhone.ActiveCfg = Release|iPhone
		{5EDFD5C8-A8C7-4D1A-A87E-4AA43500A0D2}.Release|iPhone.Build.0 = Release|iPhone
		{5EDFD5C8-A8C7-4D1A-A87E-4AA43500A0D2}.Release|iPhone.Deploy.0 = Release|iPhone
		{5EDFD5C8-A8C7-4D1A-A87E-4AA43500A0D2}.Release|iPhoneSimulator.ActiveCfg = Release|iPhoneSimulator
		{5EDFD5C8-A8C7-4D1A-A87E-4AA43500A0D2}.Release|iPhoneSimulator.Build.0 = Release|iPhoneSimulator
		{5EDFD5C8-A8C7-4D1A-A87E-4AA43500A0D2}.Release|iPhoneSimulator.Deploy.0 = Release|iPhoneSimulator
		{796E23EB-A6F2-4B46-B6DA-225D7911E2F1}.Debug|Any CPU.ActiveCfg = Debug|Any CPU
		{796E23EB-A6F2-4B46-B6DA-225D7911E2F1}.Debug|Any CPU.Build.0 = Debug|Any CPU
		{796E23EB-A6F2-4B46-B6DA-225D7911E2F1}.Debug|Any CPU.Deploy.0 = Debug|Any CPU
		{796E23EB-A6F2-4B46-B6DA-225D7911E2F1}.Debug|iPhone.ActiveCfg = Debug|Any CPU
		{796E23EB-A6F2-4B46-B6DA-225D7911E2F1}.Debug|iPhone.Build.0 = Debug|Any CPU
		{796E23EB-A6F2-4B46-B6DA-225D7911E2F1}.Debug|iPhone.Deploy.0 = Debug|Any CPU
		{796E23EB-A6F2-4B46-B6DA-225D7911E2F1}.Debug|iPhoneSimulator.ActiveCfg = Debug|Any CPU
		{796E23EB-A6F2-4B46-B6DA-225D7911E2F1}.Debug|iPhoneSimulator.Build.0 = Debug|Any CPU
		{796E23EB-A6F2-4B46-B6DA-225D7911E2F1}.Debug|iPhoneSimulator.Deploy.0 = Debug|Any CPU
		{796E23EB-A6F2-4B46-B6DA-225D7911E2F1}.Release|Any CPU.ActiveCfg = Release|Any CPU
		{796E23EB-A6F2-4B46-B6DA-225D7911E2F1}.Release|Any CPU.Build.0 = Release|Any CPU
		{796E23EB-A6F2-4B46-B6DA-225D7911E2F1}.Release|Any CPU.Deploy.0 = Release|Any CPU
		{796E23EB-A6F2-4B46-B6DA-225D7911E2F1}.Release|iPhone.ActiveCfg = Release|Any CPU
		{796E23EB-A6F2-4B46-B6DA-225D7911E2F1}.Release|iPhone.Build.0 = Release|Any CPU
		{796E23EB-A6F2-4B46-B6DA-225D7911E2F1}.Release|iPhone.Deploy.0 = Release|Any CPU
		{796E23EB-A6F2-4B46-B6DA-225D7911E2F1}.Release|iPhoneSimulator.ActiveCfg = Release|Any CPU
		{796E23EB-A6F2-4B46-B6DA-225D7911E2F1}.Release|iPhoneSimulator.Build.0 = Release|Any CPU
		{796E23EB-A6F2-4B46-B6DA-225D7911E2F1}.Release|iPhoneSimulator.Deploy.0 = Release|Any CPU
	EndGlobalSection
	GlobalSection(SolutionProperties) = preSolution
		HideSolutionNode = FALSE
	EndGlobalSection
	GlobalSection(ExtensibilityGlobals) = postSolution
		SolutionGuid = {7A072DF6-3858-44E9-A52D-61474D7044AD}
	EndGlobalSection
EndGlobal
